
Microsoft Visual Studio Solution File, Format Version 12.00
# Visual Studio Version 17
VisualStudioVersion = 17.8.34316.72
MinimumVisualStudioVersion = 10.0.40219.1
Project("{FAE04EC0-301F-11D3-BF4B-00C04F79EFBC}") = "LavaderoAPP", "LavaderoAPP.csproj", "{913FA5F4-7EE7-41BD-A763-AE7137B4B411}"
EndProject
Global
	GlobalSection(SolutionConfigurationPlatforms) = preSolution
		Debug|Any CPU = Debug|Any CPU
		Release|Any CPU = Release|Any CPU
	EndGlobalSection
	GlobalSection(ProjectConfigurationPlatforms) = postSolution
		{913FA5F4-7EE7-41BD-A763-AE7137B4B411}.Debug|Any CPU.ActiveCfg = Debug|Any CPU
		{913FA5F4-7EE7-41BD-A763-AE7137B4B411}.Debug|Any CPU.Build.0 = Debug|Any CPU
		{913FA5F4-7EE7-41BD-A763-AE7137B4B411}.Release|Any CPU.ActiveCfg = Release|Any CPU
		{913FA5F4-7EE7-41BD-A763-AE7137B4B411}.Release|Any CPU.Build.0 = Release|Any CPU
	EndGlobalSection
	GlobalSection(SolutionProperties) = preSolution
		HideSolutionNode = FALSE
	EndGlobalSection
	GlobalSection(ExtensibilityGlobals) = postSolution
		SolutionGuid = {8A60CDD6-DD94-4A1D-BC2B-F15B3D5B986E}
	EndGlobalSection
EndGlobal
